
Microsoft Visual Studio Solution File, Format Version 12.00
# Visual Studio 15
VisualStudioVersion = 15.0.27703.2035
MinimumVisualStudioVersion = 10.0.40219.1
Project("{9A19103F-16F7-4668-BE54-9A1E7A4F7556}") = "AnyValCore", "AnyValCore\AnyValCore.csproj", "{ABD16999-A458-4A4B-A60E-C0C15089DB95}"
EndProject
Project("{FAE04EC0-301F-11D3-BF4B-00C04F79EFBC}") = "AnyValCoreTests", "AnyValCoreTests\AnyValCoreTests.csproj", "{730F9184-3223-4853-8FFC-1C8694A2030F}"
EndProject
Global
	GlobalSection(SolutionConfigurationPlatforms) = preSolution
		Debug|Any CPU = Debug|Any CPU
		Release|Any CPU = Release|Any CPU
	EndGlobalSection
	GlobalSection(ProjectConfigurationPlatforms) = postSolution
		{ABD16999-A458-4A4B-A60E-C0C15089DB95}.Debug|Any CPU.ActiveCfg = Debug|Any CPU
		{ABD16999-A458-4A4B-A60E-C0C15089DB95}.Debug|Any CPU.Build.0 = Debug|Any CPU
		{ABD16999-A458-4A4B-A60E-C0C15089DB95}.Release|Any CPU.ActiveCfg = Release|Any CPU
		{ABD16999-A458-4A4B-A60E-C0C15089DB95}.Release|Any CPU.Build.0 = Release|Any CPU
		{730F9184-3223-4853-8FFC-1C8694A2030F}.Debug|Any CPU.ActiveCfg = Debug|Any CPU
		{730F9184-3223-4853-8FFC-1C8694A2030F}.Debug|Any CPU.Build.0 = Debug|Any CPU
		{730F9184-3223-4853-8FFC-1C8694A2030F}.Release|Any CPU.ActiveCfg = Release|Any CPU
		{730F9184-3223-4853-8FFC-1C8694A2030F}.Release|Any CPU.Build.0 = Release|Any CPU
	EndGlobalSection
	GlobalSection(SolutionProperties) = preSolution
		HideSolutionNode = FALSE
	EndGlobalSection
	GlobalSection(ExtensibilityGlobals) = postSolution
		SolutionGuid = {126C4B07-1696-425E-8F47-8277708733EB}
	EndGlobalSection
EndGlobal
